{
  "originHash" : "f9e5a72bd08bbfa75bb7035fc47a2fa74704c735410479a1725da30e02cf4360",
  "pins" : [
    {
      "identity" : "chronicle",
      "kind" : "remoteSourceControl",
      "location" : "https://github.com/Aeastr/Chronicle.git",
      "state" : {
        "revision" : "78f4d0d634c4834f13f7ab1bcca79c150c4c172a",
        "version" : "3.0.2"
      }
    },
    {
      "identity" : "defaults",
      "kind" : "remoteSourceControl",
      "location" : "https://github.com/sindresorhus/Defaults",
      "state" : {
        "revision" : "8192b0986611e105355a9433e99bf5c79469fbbd",
        "version" : "9.0.6"
      }
    },
    {
      "identity" : "obfuscate",
      "kind" : "remoteSourceControl",
      "location" : "https://github.com/Aeastr/Obfuscate.git",
      "state" : {
        "revision" : "92971eac97d930bcbbac824333572fba22a31cae",
        "version" : "1.0.1"
      }
    },
    {
      "identity" : "portal",
      "kind" : "remoteSourceControl",
      "location" : "https://github.com/Aeastr/Portal",
      "state" : {
        "revision" : "307b08952f63b49f107ca773219f53e13e288bf3",
        "version" : "6.0.0"
      }
    },
    {
      "identity" : "swift-log",
      "kind" : "remoteSourceControl",
      "location" : "https://github.com/apple/swift-log.git",
      "state" : {
        "revision" : "2778fd4e5a12a8aaa30a3ee8285f4ce54c5f3181",
        "version" : "1.9.1"
      }
    },
    {
      "identity" : "swift-syntax",
      "kind" : "remoteSourceControl",
      "location" : "https://github.com/swiftlang/swift-syntax",
      "state" : {
        "revision" : "4799286537280063c85a32f09884cfbca301b1a1",
        "version" : "602.0.0"
      }
    },
    {
      "identity" : "uiportalbridge",
      "kind" : "remoteSourceControl",
      "location" : "https://github.com/Aeastr/UIPortalBridge.git",
      "state" : {
        "revision" : "fd542e0d66b305cd802fdbacd7f1a153c210c50a",
        "version" : "1.0.0"
      }
    }
  ],
  "version" : 3
}
