// !$*UTF8*$!
{
	archiveVersion = 1;
	classes = {
	};
	objectVersion = 77;
	objects = {

/* Begin PBXBuildFile section */
		A70133C62F3E01A50027A60C /* WidgetKit.framework in Frameworks */ = {isa = PBXBuildFile; fileRef = A70133C52F3E01A50027A60C /* WidgetKit.framework */; };
		A70133C82F3E01A50027A60C /* SwiftUI.framework in Frameworks */ = {isa = PBXBuildFile; fileRef = A70133C72F3E01A50027A60C /* SwiftUI.framework */; };
		A70133D32F3E01A70027A60C /* Money_Widgets.appex in Embed Foundation Extensions */ = {isa = PBXBuildFile; fileRef = A70133C42F3E01A50027A60C /* Money_Widgets.appex */; settings = {ATTRIBUTES = (RemoveHeadersOnCopy, ); }; };
		A719E4CC2F52CC8300A49E9D /* IrregularGradient in Frameworks */ = {isa = PBXBuildFile; productRef = A719E4CB2F52CC8300A49E9D /* IrregularGradient */; };
		A73769282F3E05D0003FC757 /* Defaults in Frameworks */ = {isa = PBXBuildFile; productRef = A73769272F3E05D0003FC757 /* Defaults */; };
		A73769312F3E0A3C003FC757 /* WidgetKit.framework in Frameworks */ = {isa = PBXBuildFile; fileRef = A70133C52F3E01A50027A60C /* WidgetKit.framework */; };
		A73769322F3E0A3C003FC757 /* SwiftUI.framework in Frameworks */ = {isa = PBXBuildFile; fileRef = A70133C72F3E01A50027A60C /* SwiftUI.framework */; };
		A737693D2F3E0A3D003FC757 /* MoneyWatch_Widgets.appex in Embed Foundation Extensions */ = {isa = PBXBuildFile; fileRef = A73769302F3E0A3C003FC757 /* MoneyWatch_Widgets.appex */; settings = {ATTRIBUTES = (RemoveHeadersOnCopy, ); }; };
		A737694A2F3E0B53003FC757 /* Defaults in Frameworks */ = {isa = PBXBuildFile; productRef = A73769492F3E0B53003FC757 /* Defaults */; };
		A756305F2F20FE0000AA3CA5 /* Defaults in Frameworks */ = {isa = PBXBuildFile; productRef = A756305E2F20FE0000AA3CA5 /* Defaults */; settings = {ATTRIBUTES = (Required, ); }; };
		A75630622F20FEA900AA3CA5 /* Defaults in Frameworks */ = {isa = PBXBuildFile; productRef = A75630612F20FEA900AA3CA5 /* Defaults */; };
		A75824B52F20B4AE00ADCD20 /* MoneyWatch.app in Embed Watch Content */ = {isa = PBXBuildFile; fileRef = A75824AB2F20B4AC00ADCD20 /* MoneyWatch.app */; settings = {ATTRIBUTES = (RemoveHeadersOnCopy, ); }; };
		A78B90972F5326950074A35E /* Inject in Frameworks */ = {isa = PBXBuildFile; productRef = A78B90962F5326950074A35E /* Inject */; };
		A78C01742F533D5F00B05EA4 /* InjectionNext in Frameworks */ = {isa = PBXBuildFile; productRef = A78C01732F533D5F00B05EA4 /* InjectionNext */; };
		A7B54CC12F3374B400910001 /* ColorfulX in Frameworks */ = {isa = PBXBuildFile; productRef = A7B54CC02F3374B400910001 /* ColorfulX */; };
		A7B54CC62F337A2E00910001 /* Glur in Frameworks */ = {isa = PBXBuildFile; productRef = A7B54CC52F337A2E00910001 /* Glur */; };
/* End PBXBuildFile section */

/* Begin PBXContainerItemProxy section */
		A70133D12F3E01A70027A60C /* PBXContainerItemProxy */ = {
			isa = PBXContainerItemProxy;
			containerPortal = A7B9C9AF2F1B905400529CE2 /* Project object */;
			proxyType = 1;
			remoteGlobalIDString = A70133C32F3E01A50027A60C;
			remoteInfo = "Money WidgetsExtension";
		};
		A737693B2F3E0A3D003FC757 /* PBXContainerItemProxy */ = {
			isa = PBXContainerItemProxy;
			containerPortal = A7B9C9AF2F1B905400529CE2 /* Project object */;
			proxyType = 1;
			remoteGlobalIDString = A737692F2F3E0A3C003FC757;
			remoteInfo = "Money Watch WidgetsExtension";
		};
		A75824B32F20B4AE00ADCD20 /* PBXContainerItemProxy */ = {
			isa = PBXContainerItemProxy;
			containerPortal = A7B9C9AF2F1B905400529CE2 /* Project object */;
			proxyType = 1;
			remoteGlobalIDString = A75824AA2F20B4AC00ADCD20;
			remoteInfo = "moneyWatch Watch App";
		};
/* End PBXContainerItemProxy section */

/* Begin PBXCopyFilesBuildPhase section */
		A70133D82F3E01A70027A60C /* Embed Foundation Extensions */ = {
			isa = PBXCopyFilesBuildPhase;
			buildActionMask = 2147483647;
			dstPath = "";
			dstSubfolderSpec = 13;
			files = (
				A70133D32F3E01A70027A60C /* Money_Widgets.appex in Embed Foundation Extensions */,
			);
			name = "Embed Foundation Extensions";
			runOnlyForDeploymentPostprocessing = 0;
		};
		A73769422F3E0A3D003FC757 /* Embed Foundation Extensions */ = {
			isa = PBXCopyFilesBuildPhase;
			buildActionMask = 2147483647;
			dstPath = "";
			dstSubfolderSpec = 13;
			files = (
				A737693D2F3E0A3D003FC757 /* MoneyWatch_Widgets.appex in Embed Foundation Extensions */,
			);
			name = "Embed Foundation Extensions";
			runOnlyForDeploymentPostprocessing = 0;
		};
		A75824B92F20B4AE00ADCD20 /* Embed Watch Content */ = {
			isa = PBXCopyFilesBuildPhase;
			buildActionMask = 2147483647;
			dstPath = "$(CONTENTS_FOLDER_PATH)/Watch";
			dstSubfolderSpec = 16;
			files = (
				A75824B52F20B4AE00ADCD20 /* MoneyWatch.app in Embed Watch Content */,
			);
			name = "Embed Watch Content";
			runOnlyForDeploymentPostprocessing = 0;
		};
/* End PBXCopyFilesBuildPhase section */

/* Begin PBXFileReference section */
		A70133C42F3E01A50027A60C /* Money_Widgets.appex */ = {isa = PBXFileReference; explicitFileType = "wrapper.app-extension"; includeInIndex = 0; path = Money_Widgets.appex; sourceTree = BUILT_PRODUCTS_DIR; };
		A70133C52F3E01A50027A60C /* WidgetKit.framework */ = {isa = PBXFileReference; lastKnownFileType = wrapper.framework; name = WidgetKit.framework; path = System/Library/Frameworks/WidgetKit.framework; sourceTree = SDKROOT; };
		A70133C72F3E01A50027A60C /* SwiftUI.framework */ = {isa = PBXFileReference; lastKnownFileType = wrapper.framework; name = SwiftUI.framework; path = System/Library/Frameworks/SwiftUI.framework; sourceTree = SDKROOT; };
		A737692B2F3E0889003FC757 /* Release.entitlements */ = {isa = PBXFileReference; lastKnownFileType = text.plist.entitlements; path = Release.entitlements; sourceTree = "<group>"; };
		A73769302F3E0A3C003FC757 /* MoneyWatch_Widgets.appex */ = {isa = PBXFileReference; explicitFileType = "wrapper.app-extension"; includeInIndex = 0; path = MoneyWatch_Widgets.appex; sourceTree = BUILT_PRODUCTS_DIR; };
		A73769442F3E0A84003FC757 /* Debug.entitlements */ = {isa = PBXFileReference; lastKnownFileType = text.plist.entitlements; path = Debug.entitlements; sourceTree = "<group>"; };
		A75824AB2F20B4AC00ADCD20 /* MoneyWatch.app */ = {isa = PBXFileReference; explicitFileType = wrapper.application; includeInIndex = 0; path = MoneyWatch.app; sourceTree = BUILT_PRODUCTS_DIR; };
		A7B9C9B72F1B905400529CE2 /* Money.app */ = {isa = PBXFileReference; explicitFileType = wrapper.application; includeInIndex = 0; path = Money.app; sourceTree = BUILT_PRODUCTS_DIR; };
/* End PBXFileReference section */

/* Begin PBXFileSystemSynchronizedBuildFileExceptionSet section */
		A70133BF2F3DD7F50027A60C /* Exceptions for "Money" folder in "MoneyWatch" target */ = {
			isa = PBXFileSystemSynchronizedBuildFileExceptionSet;
			membershipExceptions = (
				"Backend/App Intents/Create/CreateGoalIntent.swift",
				"Backend/App Intents/Create/CreateTransactionIntent.swift",
				"Backend/App Intents/Intents/GoalEntity.swift",
				"Backend/App Intents/Intents/TransactionEntity.swift",
				"Backend/App Intents/List/ListGoalsIntent.swift",
				"Backend/App Intents/List/ListTransactionsIntent.swift",
				Views/Tabs/Analyse/AnalyseView.swift,
				Views/Tabs/Analyse/DifferentTypesView.swift,
				Views/Tabs/Analyse/StatisticsCardsView.swift,
				Views/Tabs/Analyse/TotalOverTimeView.swift,
			);
			target = A75824AA2F20B4AC00ADCD20 /* MoneyWatch */;
		};
		A70133D42F3E01A70027A60C /* Exceptions for "Money Widgets" folder in "Money_Widgets" target */ = {
			isa = PBXFileSystemSynchronizedBuildFileExceptionSet;
			membershipExceptions = (
				Info.plist,
			);
			target = A70133C32F3E01A50027A60C /* Money_Widgets */;
		};
		A73769242F3E04F5003FC757 /* Exceptions for "Shared" folder in "Money_Widgets" target */ = {
			isa = PBXFileSystemSynchronizedBuildFileExceptionSet;
			membershipExceptions = (
				Backend/AppDeepLink.swift,
				Backend/Defaults.swift,
				Backend/DTOs.swift,
				Backend/Infrastructure/AppConfig.swift,
				Backend/Models.swift,
				Other/AppFontDesign.swift,
			);
			target = A70133C32F3E01A50027A60C /* Money_Widgets */;
		};
		A73769482F3E0AC4003FC757 /* Exceptions for "Shared" folder in "MoneyWatch_Widgets" target */ = {
			isa = PBXFileSystemSynchronizedBuildFileExceptionSet;
			membershipExceptions = (
				Backend/AppDeepLink.swift,
				Backend/Defaults.swift,
				Backend/DTOs.swift,
				Backend/Infrastructure/AppConfig.swift,
				Backend/Models.swift,
				Other/AppFontDesign.swift,
			);
			target = A737692F2F3E0A3C003FC757 /* MoneyWatch_Widgets */;
		};
		A7578F052F3758B90066A6C4 /* Exceptions for "Shared" folder in "MoneyWatch" target */ = {
			isa = PBXFileSystemSynchronizedBuildFileExceptionSet;
			membershipExceptions = (
				Other/VariableBlur.swift,
			);
			target = A75824AA2F20B4AC00ADCD20 /* MoneyWatch */;
		};
		A78C01AC2F547BBE00B05EA4 /* Exceptions for "Money" folder in "Money" target */ = {
			isa = PBXFileSystemSynchronizedBuildFileExceptionSet;
			membershipExceptions = (
				Info.plist,
			);
			target = A7B9C9B62F1B905400529CE2 /* Money */;
		};
		A78C0C272F549E7B00B05EA4 /* Exceptions for "MoneyWatch Widgets" folder in "MoneyWatch_Widgets" target */ = {
			isa = PBXFileSystemSynchronizedBuildFileExceptionSet;
			membershipExceptions = (
				Info.plist,
			);
			target = A737692F2F3E0A3C003FC757 /* MoneyWatch_Widgets */;
		};
/* End PBXFileSystemSynchronizedBuildFileExceptionSet section */

/* Begin PBXFileSystemSynchronizedRootGroup section */
		A70133C92F3E01A50027A60C /* Money Widgets */ = {
			isa = PBXFileSystemSynchronizedRootGroup;
			exceptions = (
				A70133D42F3E01A70027A60C /* Exceptions for "Money Widgets" folder in "Money_Widgets" target */,
			);
			path = "Money Widgets";
			sourceTree = "<group>";
		};
		A73769332F3E0A3C003FC757 /* MoneyWatch Widgets */ = {
			isa = PBXFileSystemSynchronizedRootGroup;
			exceptions = (
				A78C0C272F549E7B00B05EA4 /* Exceptions for "MoneyWatch Widgets" folder in "MoneyWatch_Widgets" target */,
			);
			path = "MoneyWatch Widgets";
			sourceTree = "<group>";
		};
		A756303F2F20F8C500AA3CA5 /* Shared */ = {
			isa = PBXFileSystemSynchronizedRootGroup;
			exceptions = (
				A7578F052F3758B90066A6C4 /* Exceptions for "Shared" folder in "MoneyWatch" target */,
				A73769242F3E04F5003FC757 /* Exceptions for "Shared" folder in "Money_Widgets" target */,
				A73769482F3E0AC4003FC757 /* Exceptions for "Shared" folder in "MoneyWatch_Widgets" target */,
			);
			path = Shared;
			sourceTree = "<group>";
		};
		A75824AC2F20B4AC00ADCD20 /* moneyWatch */ = {
			isa = PBXFileSystemSynchronizedRootGroup;
			path = moneyWatch;
			sourceTree = "<group>";
		};
		A7B9C9B92F1B905400529CE2 /* Money */ = {
			isa = PBXFileSystemSynchronizedRootGroup;
			exceptions = (
				A78C01AC2F547BBE00B05EA4 /* Exceptions for "Money" folder in "Money" target */,
				A70133BF2F3DD7F50027A60C /* Exceptions for "Money" folder in "MoneyWatch" target */,
			);
			path = Money;
			sourceTree = "<group>";
		};
/* End PBXFileSystemSynchronizedRootGroup section */

/* Begin PBXFrameworksBuildPhase section */
		A70133C12F3E01A50027A60C /* Frameworks */ = {
			isa = PBXFrameworksBuildPhase;
			buildActionMask = 2147483647;
			files = (
				A73769282F3E05D0003FC757 /* Defaults in Frameworks */,
				A70133C82F3E01A50027A60C /* SwiftUI.framework in Frameworks */,
				A70133C62F3E01A50027A60C /* WidgetKit.framework in Frameworks */,
			);
			runOnlyForDeploymentPostprocessing = 0;
		};
		A737692D2F3E0A3C003FC757 /* Frameworks */ = {
			isa = PBXFrameworksBuildPhase;
			buildActionMask = 2147483647;
			files = (
				A737694A2F3E0B53003FC757 /* Defaults in Frameworks */,
				A73769322F3E0A3C003FC757 /* SwiftUI.framework in Frameworks */,
				A73769312F3E0A3C003FC757 /* WidgetKit.framework in Frameworks */,
			);
			runOnlyForDeploymentPostprocessing = 0;
		};
		A75824A82F20B4AC00ADCD20 /* Frameworks */ = {
			isa = PBXFrameworksBuildPhase;
			buildActionMask = 2147483647;
			files = (
				A719E4CC2F52CC8300A49E9D /* IrregularGradient in Frameworks */,
				A75630622F20FEA900AA3CA5 /* Defaults in Frameworks */,
			);
			runOnlyForDeploymentPostprocessing = 0;
		};
		A7B9C9B42F1B905400529CE2 /* Frameworks */ = {
			isa = PBXFrameworksBuildPhase;
			buildActionMask = 2147483647;
			files = (
				A756305F2F20FE0000AA3CA5 /* Defaults in Frameworks */,
				A7B54CC12F3374B400910001 /* ColorfulX in Frameworks */,
				A78C01742F533D5F00B05EA4 /* InjectionNext in Frameworks */,
				A7B54CC62F337A2E00910001 /* Glur in Frameworks */,
				A78B90972F5326950074A35E /* Inject in Frameworks */,
			);
			runOnlyForDeploymentPostprocessing = 0;
		};
/* End PBXFrameworksBuildPhase section */

/* Begin PBXGroup section */
		A75630602F20FEA900AA3CA5 /* Frameworks */ = {
			isa = PBXGroup;
			children = (
				A70133C52F3E01A50027A60C /* WidgetKit.framework */,
				A70133C72F3E01A50027A60C /* SwiftUI.framework */,
			);
			name = Frameworks;
			sourceTree = "<group>";
		};
		A7B9C9AE2F1B905400529CE2 = {
			isa = PBXGroup;
			children = (
				A73769442F3E0A84003FC757 /* Debug.entitlements */,
				A737692B2F3E0889003FC757 /* Release.entitlements */,
				A756303F2F20F8C500AA3CA5 /* Shared */,
				A7B9C9B92F1B905400529CE2 /* Money */,
				A75824AC2F20B4AC00ADCD20 /* moneyWatch */,
				A70133C92F3E01A50027A60C /* Money Widgets */,
				A73769332F3E0A3C003FC757 /* MoneyWatch Widgets */,
				A75630602F20FEA900AA3CA5 /* Frameworks */,
				A7B9C9B82F1B905400529CE2 /* Products */,
			);
			sourceTree = "<group>";
		};
		A7B9C9B82F1B905400529CE2 /* Products */ = {
			isa = PBXGroup;
			children = (
				A7B9C9B72F1B905400529CE2 /* Money.app */,
				A75824AB2F20B4AC00ADCD20 /* MoneyWatch.app */,
				A70133C42F3E01A50027A60C /* Money_Widgets.appex */,
				A73769302F3E0A3C003FC757 /* MoneyWatch_Widgets.appex */,
			);
			name = Products;
			sourceTree = "<group>";
		};
/* End PBXGroup section */

/* Begin PBXNativeTarget section */
		A70133C32F3E01A50027A60C /* Money_Widgets */ = {
			isa = PBXNativeTarget;
			buildConfigurationList = A70133D52F3E01A70027A60C /* Build configuration list for PBXNativeTarget "Money_Widgets" */;
			buildPhases = (
				A70133C02F3E01A50027A60C /* Sources */,
				A70133C12F3E01A50027A60C /* Frameworks */,
				A70133C22F3E01A50027A60C /* Resources */,
			);
			buildRules = (
			);
			dependencies = (
			);
			fileSystemSynchronizedGroups = (
				A70133C92F3E01A50027A60C /* Money Widgets */,
			);
			name = Money_Widgets;
			packageProductDependencies = (
				A73769272F3E05D0003FC757 /* Defaults */,
			);
			productName = "Money WidgetsExtension";
			productReference = A70133C42F3E01A50027A60C /* Money_Widgets.appex */;
			productType = "com.apple.product-type.app-extension";
		};
		A737692F2F3E0A3C003FC757 /* MoneyWatch_Widgets */ = {
			isa = PBXNativeTarget;
			buildConfigurationList = A737693E2F3E0A3D003FC757 /* Build configuration list for PBXNativeTarget "MoneyWatch_Widgets" */;
			buildPhases = (
				A737692C2F3E0A3C003FC757 /* Sources */,
				A737692D2F3E0A3C003FC757 /* Frameworks */,
				A737692E2F3E0A3C003FC757 /* Resources */,
			);
			buildRules = (
			);
			dependencies = (
			);
			fileSystemSynchronizedGroups = (
				A73769332F3E0A3C003FC757 /* MoneyWatch Widgets */,
			);
			name = MoneyWatch_Widgets;
			packageProductDependencies = (
				A73769492F3E0B53003FC757 /* Defaults */,
			);
			productName = "Money Watch WidgetsExtension";
			productReference = A73769302F3E0A3C003FC757 /* MoneyWatch_Widgets.appex */;
			productType = "com.apple.product-type.app-extension";
		};
		A75824AA2F20B4AC00ADCD20 /* MoneyWatch */ = {
			isa = PBXNativeTarget;
			buildConfigurationList = A75824B62F20B4AE00ADCD20 /* Build configuration list for PBXNativeTarget "MoneyWatch" */;
			buildPhases = (
				A75824A72F20B4AC00ADCD20 /* Sources */,
				A75824A82F20B4AC00ADCD20 /* Frameworks */,
				A75824A92F20B4AC00ADCD20 /* Resources */,
				A73769422F3E0A3D003FC757 /* Embed Foundation Extensions */,
			);
			buildRules = (
			);
			dependencies = (
				A737693C2F3E0A3D003FC757 /* PBXTargetDependency */,
			);
			fileSystemSynchronizedGroups = (
				A756303F2F20F8C500AA3CA5 /* Shared */,
				A75824AC2F20B4AC00ADCD20 /* moneyWatch */,
			);
			name = MoneyWatch;
			packageProductDependencies = (
				A75630612F20FEA900AA3CA5 /* Defaults */,
				A719E4CB2F52CC8300A49E9D /* IrregularGradient */,
			);
			productName = "moneyWatch Watch App";
			productReference = A75824AB2F20B4AC00ADCD20 /* MoneyWatch.app */;
			productType = "com.apple.product-type.application";
		};
		A7B9C9B62F1B905400529CE2 /* Money */ = {
			isa = PBXNativeTarget;
			buildConfigurationList = A7B9C9C22F1B905500529CE2 /* Build configuration list for PBXNativeTarget "Money" */;
			buildPhases = (
				A7B9C9B32F1B905400529CE2 /* Sources */,
				A7B9C9B42F1B905400529CE2 /* Frameworks */,
				A7B9C9B52F1B905400529CE2 /* Resources */,
				A75824B92F20B4AE00ADCD20 /* Embed Watch Content */,
				A70133D82F3E01A70027A60C /* Embed Foundation Extensions */,
				A7FA0FE42F5333DB0004411A /* ShellScript */,
			);
			buildRules = (
			);
			dependencies = (
				A75824B42F20B4AE00ADCD20 /* PBXTargetDependency */,
				A70133D22F3E01A70027A60C /* PBXTargetDependency */,
			);
			fileSystemSynchronizedGroups = (
				A756303F2F20F8C500AA3CA5 /* Shared */,
				A7B9C9B92F1B905400529CE2 /* Money */,
			);
			name = Money;
			packageProductDependencies = (
				A756305E2F20FE0000AA3CA5 /* Defaults */,
				A7B54CC02F3374B400910001 /* ColorfulX */,
				A7B54CC52F337A2E00910001 /* Glur */,
				A78B90962F5326950074A35E /* Inject */,
				A78C01732F533D5F00B05EA4 /* InjectionNext */,
			);
			productName = Money;
			productReference = A7B9C9B72F1B905400529CE2 /* Money.app */;
			productType = "com.apple.product-type.application";
		};
/* End PBXNativeTarget section */

/* Begin PBXProject section */
		A7B9C9AF2F1B905400529CE2 /* Project object */ = {
			isa = PBXProject;
			attributes = {
				BuildIndependentTargetsInParallel = 1;
				LastSwiftUpdateCheck = 2630;
				LastUpgradeCheck = 2640;
				TargetAttributes = {
					A70133C32F3E01A50027A60C = {
						CreatedOnToolsVersion = 26.3;
					};
					A737692F2F3E0A3C003FC757 = {
						CreatedOnToolsVersion = 26.3;
					};
					A75824AA2F20B4AC00ADCD20 = {
						CreatedOnToolsVersion = 26.2;
					};
					A7B9C9B62F1B905400529CE2 = {
						CreatedOnToolsVersion = 26.2;
					};
				};
			};
			buildConfigurationList = A7B9C9B22F1B905400529CE2 /* Build configuration list for PBXProject "Money" */;
			developmentRegion = en;
			hasScannedForEncodings = 0;
			knownRegions = (
				en,
				Base,
			);
			mainGroup = A7B9C9AE2F1B905400529CE2;
			minimizedProjectReferenceProxies = 1;
			packageReferences = (
				A756305D2F20FE0000AA3CA5 /* XCRemoteSwiftPackageReference "Defaults" */,
				A7B54CBF2F3374B400910001 /* XCRemoteSwiftPackageReference "ColorfulX" */,
				A7B54CC42F337A2E00910001 /* XCRemoteSwiftPackageReference "Glur" */,
				A719E4CA2F52CC8300A49E9D /* XCRemoteSwiftPackageReference "IrregularGradient" */,
				A78B90952F5326950074A35E /* XCRemoteSwiftPackageReference "Inject" */,
				A78C01722F533D5F00B05EA4 /* XCRemoteSwiftPackageReference "InjectionNext" */,
			);
			preferredProjectObjectVersion = 77;
			productRefGroup = A7B9C9B82F1B905400529CE2 /* Products */;
			projectDirPath = "";
			projectRoot = "";
			targets = (
				A7B9C9B62F1B905400529CE2 /* Money */,
				A75824AA2F20B4AC00ADCD20 /* MoneyWatch */,
				A70133C32F3E01A50027A60C /* Money_Widgets */,
				A737692F2F3E0A3C003FC757 /* MoneyWatch_Widgets */,
			);
		};
/* End PBXProject section */

/* Begin PBXResourcesBuildPhase section */
		A70133C22F3E01A50027A60C /* Resources */ = {
			isa = PBXResourcesBuildPhase;
			buildActionMask = 2147483647;
			files = (
			);
			runOnlyForDeploymentPostprocessing = 0;
		};
		A737692E2F3E0A3C003FC757 /* Resources */ = {
			isa = PBXResourcesBuildPhase;
			buildActionMask = 2147483647;
			files = (
			);
			runOnlyForDeploymentPostprocessing = 0;
		};
		A75824A92F20B4AC00ADCD20 /* Resources */ = {
			isa = PBXResourcesBuildPhase;
			buildActionMask = 2147483647;
			files = (
			);
			runOnlyForDeploymentPostprocessing = 0;
		};
		A7B9C9B52F1B905400529CE2 /* Resources */ = {
			isa = PBXResourcesBuildPhase;
			buildActionMask = 2147483647;
			files = (
			);
			runOnlyForDeploymentPostprocessing = 0;
		};
/* End PBXResourcesBuildPhase section */

/* Begin PBXShellScriptBuildPhase section */
		A7FA0FE42F5333DB0004411A /* ShellScript */ = {
			isa = PBXShellScriptBuildPhase;
			alwaysOutOfDate = 1;
			buildActionMask = 2147483647;
			files = (
			);
			inputFileListPaths = (
			);
			inputPaths = (
			);
			outputFileListPaths = (
			);
			outputPaths = (
			);
			runOnlyForDeploymentPostprocessing = 0;
			shellPath = /bin/sh;
			shellScript = "# Type a script or drag a script file from your workspace to insert its path.\ndefaults write com.johnholdsworth.InjectionIII \"$PROJECT_FILE_PATH\" \"$EXPANDED_CODE_SIGN_IDENTITY\"\n";
		};
/* End PBXShellScriptBuildPhase section */

/* Begin PBXSourcesBuildPhase section */
		A70133C02F3E01A50027A60C /* Sources */ = {
			isa = PBXSourcesBuildPhase;
			buildActionMask = 2147483647;
			files = (
			);
			runOnlyForDeploymentPostprocessing = 0;
		};
		A737692C2F3E0A3C003FC757 /* Sources */ = {
			isa = PBXSourcesBuildPhase;
			buildActionMask = 2147483647;
			files = (
			);
			runOnlyForDeploymentPostprocessing = 0;
		};
		A75824A72F20B4AC00ADCD20 /* Sources */ = {
			isa = PBXSourcesBuildPhase;
			buildActionMask = 2147483647;
			files = (
			);
			runOnlyForDeploymentPostprocessing = 0;
		};
		A7B9C9B32F1B905400529CE2 /* Sources */ = {
			isa = PBXSourcesBuildPhase;
			buildActionMask = 2147483647;
			files = (
			);
			runOnlyForDeploymentPostprocessing = 0;
		};
/* End PBXSourcesBuildPhase section */

/* Begin PBXTargetDependency section */
		A70133D22F3E01A70027A60C /* PBXTargetDependency */ = {
			isa = PBXTargetDependency;
			target = A70133C32F3E01A50027A60C /* Money_Widgets */;
			targetProxy = A70133D12F3E01A70027A60C /* PBXContainerItemProxy */;
		};
		A737693C2F3E0A3D003FC757 /* PBXTargetDependency */ = {
			isa = PBXTargetDependency;
			target = A737692F2F3E0A3C003FC757 /* MoneyWatch_Widgets */;
			targetProxy = A737693B2F3E0A3D003FC757 /* PBXContainerItemProxy */;
		};
		A75824B42F20B4AE00ADCD20 /* PBXTargetDependency */ = {
			isa = PBXTargetDependency;
			target = A75824AA2F20B4AC00ADCD20 /* MoneyWatch */;
			targetProxy = A75824B32F20B4AE00ADCD20 /* PBXContainerItemProxy */;
		};
/* End PBXTargetDependency section */

/* Begin XCBuildConfiguration section */
		A70133D62F3E01A70027A60C /* Debug */ = {
			isa = XCBuildConfiguration;
			buildSettings = {
				APP_SHORTCUTS_ENABLE_FLEXIBLE_MATCHING = NO;
				ASSETCATALOG_COMPILER_GLOBAL_ACCENT_COLOR_NAME = AccentColor;
				ASSETCATALOG_COMPILER_WIDGET_BACKGROUND_COLOR_NAME = WidgetBackground;
				CODE_SIGN_ENTITLEMENTS = Debug.entitlements;
				CODE_SIGN_STYLE = Automatic;
				CURRENT_PROJECT_VERSION = 10;
				DEVELOPMENT_TEAM = C2HN547N49;
				INFOPLIST_FILE = "Money Widgets/Info.plist";
				INFOPLIST_KEY_CFBundleDisplayName = "Money Widgets";
				INFOPLIST_KEY_NSHumanReadableCopyright = "";
				IPHONEOS_DEPLOYMENT_TARGET = 26.0;
				LD_RUNPATH_SEARCH_PATHS = (
					"$(inherited)",
					"@executable_path/Frameworks",
					"@executable_path/../../Frameworks",
				);
				MARKETING_VERSION = 1.0;
				OTHER_LDFLAGS = (
					"-Xlinker",
					"-interposable",
				);
				PRODUCT_BUNDLE_IDENTIFIER = "com.omeriadon.Money.Money-Widgets";
				PRODUCT_NAME = "$(TARGET_NAME)";
				SDKROOT = iphoneos;
				SKIP_INSTALL = YES;
				STRING_CATALOG_GENERATE_SYMBOLS = YES;
				SWIFT_APPROACHABLE_CONCURRENCY = YES;
				SWIFT_EMIT_LOC_STRINGS = YES;
				SWIFT_UPCOMING_FEATURE_MEMBER_IMPORT_VISIBILITY = YES;
				SWIFT_VERSION = 5.0;
				TARGETED_DEVICE_FAMILY = "1,2";
			};
			name = Debug;
		};
		A70133D72F3E01A70027A60C /* Release */ = {
			isa = XCBuildConfiguration;
			buildSettings = {
				APP_SHORTCUTS_ENABLE_FLEXIBLE_MATCHING = NO;
				ASSETCATALOG_COMPILER_GLOBAL_ACCENT_COLOR_NAME = AccentColor;
				ASSETCATALOG_COMPILER_WIDGET_BACKGROUND_COLOR_NAME = WidgetBackground;
				CODE_SIGN_ENTITLEMENTS = Release.entitlements;
				CODE_SIGN_IDENTITY = "Apple Development";
				CODE_SIGN_STYLE = Automatic;
				CURRENT_PROJECT_VERSION = 10;
				DEVELOPMENT_TEAM = P6PV2R9443;
				INFOPLIST_FILE = "Money Widgets/Info.plist";
				INFOPLIST_KEY_CFBundleDisplayName = "Money Widgets";
				INFOPLIST_KEY_NSHumanReadableCopyright = "";
				IPHONEOS_DEPLOYMENT_TARGET = 26.0;
				LD_RUNPATH_SEARCH_PATHS = (
					"$(inherited)",
					"@executable_path/Frameworks",
					"@executable_path/../../Frameworks",
				);
				MARKETING_VERSION = 1.0;
				PRODUCT_BUNDLE_IDENTIFIER = "com.omeriadon-hackclub.Money.Money-WidgetsExtension";
				PRODUCT_NAME = "$(TARGET_NAME)";
				PROVISIONING_PROFILE_SPECIFIER = "";
				SDKROOT = iphoneos;
				SKIP_INSTALL = YES;
				STRING_CATALOG_GENERATE_SYMBOLS = YES;
				SWIFT_APPROACHABLE_CONCURRENCY = YES;
				SWIFT_EMIT_LOC_STRINGS = YES;
				SWIFT_UPCOMING_FEATURE_MEMBER_IMPORT_VISIBILITY = YES;
				SWIFT_VERSION = 5.0;
				TARGETED_DEVICE_FAMILY = "1,2";
				VALIDATE_PRODUCT = YES;
			};
			name = Release;
		};
		A737693F2F3E0A3D003FC757 /* Debug */ = {
			isa = XCBuildConfiguration;
			buildSettings = {
				ASSETCATALOG_COMPILER_GLOBAL_ACCENT_COLOR_NAME = AccentColor;
				ASSETCATALOG_COMPILER_WIDGET_BACKGROUND_COLOR_NAME = WidgetBackground;
				CODE_SIGN_ENTITLEMENTS = Debug.entitlements;
				CODE_SIGN_STYLE = Automatic;
				CURRENT_PROJECT_VERSION = 10;
				DEVELOPMENT_TEAM = C2HN547N49;
				INFOPLIST_FILE = "MoneyWatch Widgets/Info.plist";
				INFOPLIST_KEY_CFBundleDisplayName = "Money Watch Widgets";
				INFOPLIST_KEY_NSHumanReadableCopyright = "";
				LD_RUNPATH_SEARCH_PATHS = (
					"$(inherited)",
					"@executable_path/Frameworks",
					"@executable_path/../../Frameworks",
					"@executable_path/../../../../Frameworks",
				);
				MARKETING_VERSION = 1.0;
				OTHER_LDFLAGS = (
					"-Xlinker",
					"-interposable",
				);
				PRODUCT_BUNDLE_IDENTIFIER = "com.omeriadon.Money.watchkitapp.Money-Watch-Widgets";
				PRODUCT_NAME = "$(TARGET_NAME)";
				SDKROOT = watchos;
				SKIP_INSTALL = YES;
				STRING_CATALOG_GENERATE_SYMBOLS = YES;
				SWIFT_APPROACHABLE_CONCURRENCY = YES;
				SWIFT_EMIT_LOC_STRINGS = YES;
				SWIFT_UPCOMING_FEATURE_MEMBER_IMPORT_VISIBILITY = YES;
				SWIFT_VERSION = 5.0;
				TARGETED_DEVICE_FAMILY = 4;
				WATCHOS_DEPLOYMENT_TARGET = 26.0;
			};
			name = Debug;
		};
		A73769402F3E0A3D003FC757 /* Release */ = {
			isa = XCBuildConfiguration;
			buildSettings = {
				ASSETCATALOG_COMPILER_GLOBAL_ACCENT_COLOR_NAME = AccentColor;
				ASSETCATALOG_COMPILER_WIDGET_BACKGROUND_COLOR_NAME = WidgetBackground;
				CODE_SIGN_ENTITLEMENTS = Release.entitlements;
				CODE_SIGN_STYLE = Automatic;
				CURRENT_PROJECT_VERSION = 10;
				DEVELOPMENT_TEAM = P6PV2R9443;
				INFOPLIST_FILE = "MoneyWatch Widgets/Info.plist";
				INFOPLIST_KEY_CFBundleDisplayName = "Money Watch Widgets";
				INFOPLIST_KEY_NSHumanReadableCopyright = "";
				LD_RUNPATH_SEARCH_PATHS = (
					"$(inherited)",
					"@executable_path/Frameworks",
					"@executable_path/../../Frameworks",
					"@executable_path/../../../../Frameworks",
				);
				MARKETING_VERSION = 1.0;
				PRODUCT_BUNDLE_IDENTIFIER = "com.omeriadon-hackclub.Money.watchkitapp.Money-Watch-WidgetsExtension";
				PRODUCT_NAME = "$(TARGET_NAME)";
				SDKROOT = watchos;
				SKIP_INSTALL = YES;
				STRING_CATALOG_GENERATE_SYMBOLS = YES;
				SWIFT_APPROACHABLE_CONCURRENCY = YES;
				SWIFT_EMIT_LOC_STRINGS = YES;
				SWIFT_UPCOMING_FEATURE_MEMBER_IMPORT_VISIBILITY = YES;
				SWIFT_VERSION = 5.0;
				TARGETED_DEVICE_FAMILY = 4;
				VALIDATE_PRODUCT = YES;
				WATCHOS_DEPLOYMENT_TARGET = 26.0;
			};
			name = Release;
		};
		A75824B72F20B4AE00ADCD20 /* Debug */ = {
			isa = XCBuildConfiguration;
			buildSettings = {
				ASSETCATALOG_COMPILER_APPICON_NAME = AppIconDebug;
				ASSETCATALOG_COMPILER_GLOBAL_ACCENT_COLOR_NAME = AccentColor;
				CODE_SIGN_ENTITLEMENTS = "moneyWatch/moneyWatch Watch App.entitlements";
				CODE_SIGN_STYLE = Automatic;
				CURRENT_PROJECT_VERSION = 10;
				DEVELOPMENT_TEAM = C2HN547N49;
				ENABLE_PREVIEWS = YES;
				ENABLE_USER_SCRIPT_SANDBOXING = YES;
				GENERATE_INFOPLIST_FILE = YES;
				INFOPLIST_KEY_CFBundleDisplayName = "Money Debug";
				INFOPLIST_KEY_UISupportedInterfaceOrientations = "UIInterfaceOrientationPortrait UIInterfaceOrientationPortraitUpsideDown";
				INFOPLIST_KEY_WKCompanionAppBundleIdentifier = com.omeriadon.Money;
				LD_RUNPATH_SEARCH_PATHS = (
					"$(inherited)",
					"@executable_path/Frameworks",
				);
				MARKETING_VERSION = 1.0;
				OTHER_LDFLAGS = (
					"-Xlinker",
					"-interposable",
				);
				PRODUCT_BUNDLE_IDENTIFIER = com.omeriadon.Money.watchkitapp;
				PRODUCT_NAME = "$(TARGET_NAME)";
				SDKROOT = watchos;
				SKIP_INSTALL = YES;
				STRING_CATALOG_GENERATE_SYMBOLS = YES;
				SWIFT_APPROACHABLE_CONCURRENCY = YES;
				SWIFT_DEFAULT_ACTOR_ISOLATION = MainActor;
				SWIFT_EMIT_LOC_STRINGS = YES;
				SWIFT_UPCOMING_FEATURE_MEMBER_IMPORT_VISIBILITY = YES;
				SWIFT_VERSION = 5.0;
				TARGETED_DEVICE_FAMILY = 4;
				WATCHOS_DEPLOYMENT_TARGET = 26.0;
			};
			name = Debug;
		};
		A75824B82F20B4AE00ADCD20 /* Release */ = {
			isa = XCBuildConfiguration;
			buildSettings = {
				ASSETCATALOG_COMPILER_APPICON_NAME = AppIcon;
				ASSETCATALOG_COMPILER_GLOBAL_ACCENT_COLOR_NAME = AccentColor;
				CODE_SIGN_ENTITLEMENTS = "moneyWatch/moneyWatch Watch App Release.entitlements";
				CODE_SIGN_STYLE = Automatic;
				CURRENT_PROJECT_VERSION = 10;
				DEVELOPMENT_TEAM = P6PV2R9443;
				ENABLE_PREVIEWS = YES;
				ENABLE_USER_SCRIPT_SANDBOXING = YES;
				GENERATE_INFOPLIST_FILE = YES;
				INFOPLIST_KEY_CFBundleDisplayName = Money;
				INFOPLIST_KEY_UISupportedInterfaceOrientations = "UIInterfaceOrientationPortrait UIInterfaceOrientationPortraitUpsideDown";
				INFOPLIST_KEY_WKCompanionAppBundleIdentifier = "com.omeriadon-hackclub.Money";
				LD_RUNPATH_SEARCH_PATHS = (
					"$(inherited)",
					"@executable_path/Frameworks",
				);
				MARKETING_VERSION = 1.0;
				PRODUCT_BUNDLE_IDENTIFIER = "com.omeriadon-hackclub.Money.watchkitapp";
				PRODUCT_NAME = "$(TARGET_NAME)";
				SDKROOT = watchos;
				SKIP_INSTALL = YES;
				STRING_CATALOG_GENERATE_SYMBOLS = YES;
				SWIFT_APPROACHABLE_CONCURRENCY = YES;
				SWIFT_DEFAULT_ACTOR_ISOLATION = MainActor;
				SWIFT_EMIT_LOC_STRINGS = YES;
				SWIFT_UPCOMING_FEATURE_MEMBER_IMPORT_VISIBILITY = YES;
				SWIFT_VERSION = 5.0;
				TARGETED_DEVICE_FAMILY = 4;
				VALIDATE_PRODUCT = YES;
				WATCHOS_DEPLOYMENT_TARGET = 26.0;
			};
			name = Release;
		};
		A7B9C9C02F1B905500529CE2 /* Debug */ = {
			isa = XCBuildConfiguration;
			buildSettings = {
				ALWAYS_SEARCH_USER_PATHS = NO;
				ASSETCATALOG_COMPILER_GENERATE_SWIFT_ASSET_SYMBOL_EXTENSIONS = YES;
				CLANG_ANALYZER_NONNULL = YES;
				CLANG_ANALYZER_NUMBER_OBJECT_CONVERSION = YES_AGGRESSIVE;
				CLANG_CXX_LANGUAGE_STANDARD = "gnu++20";
				CLANG_ENABLE_MODULES = YES;
				CLANG_ENABLE_OBJC_ARC = YES;
				CLANG_ENABLE_OBJC_WEAK = YES;
				CLANG_WARN_BLOCK_CAPTURE_AUTORELEASING = YES;
				CLANG_WARN_BOOL_CONVERSION = YES;
				CLANG_WARN_COMMA = YES;
				CLANG_WARN_CONSTANT_CONVERSION = YES;
				CLANG_WARN_DEPRECATED_OBJC_IMPLEMENTATIONS = YES;
				CLANG_WARN_DIRECT_OBJC_ISA_USAGE = YES_ERROR;
				CLANG_WARN_DOCUMENTATION_COMMENTS = YES;
				CLANG_WARN_EMPTY_BODY = YES;
				CLANG_WARN_ENUM_CONVERSION = YES;
				CLANG_WARN_INFINITE_RECURSION = YES;
				CLANG_WARN_INT_CONVERSION = YES;
				CLANG_WARN_NON_LITERAL_NULL_CONVERSION = YES;
				CLANG_WARN_OBJC_IMPLICIT_RETAIN_SELF = YES;
				CLANG_WARN_OBJC_LITERAL_CONVERSION = YES;
				CLANG_WARN_OBJC_ROOT_CLASS = YES_ERROR;
				CLANG_WARN_QUOTED_INCLUDE_IN_FRAMEWORK_HEADER = YES;
				CLANG_WARN_RANGE_LOOP_ANALYSIS = YES;
				CLANG_WARN_STRICT_PROTOTYPES = YES;
				CLANG_WARN_SUSPICIOUS_MOVE = YES;
				CLANG_WARN_UNGUARDED_AVAILABILITY = YES_AGGRESSIVE;
				CLANG_WARN_UNREACHABLE_CODE = YES;
				CLANG_WARN__DUPLICATE_METHOD_MATCH = YES;
				COPY_PHASE_STRIP = NO;
				DEAD_CODE_STRIPPING = YES;
				DEBUG_INFORMATION_FORMAT = dwarf;
				DEVELOPMENT_TEAM = C2HN547N49;
				ENABLE_STRICT_OBJC_MSGSEND = YES;
				ENABLE_TESTABILITY = YES;
				ENABLE_USER_SCRIPT_SANDBOXING = YES;
				GCC_C_LANGUAGE_STANDARD = gnu17;
				GCC_DYNAMIC_NO_PIC = NO;
				GCC_NO_COMMON_BLOCKS = YES;
				GCC_OPTIMIZATION_LEVEL = 0;
				GCC_PREPROCESSOR_DEFINITIONS = (
					"DEBUG=1",
					"$(inherited)",
				);
				GCC_WARN_64_TO_32_BIT_CONVERSION = YES;
				GCC_WARN_ABOUT_RETURN_TYPE = YES_ERROR;
				GCC_WARN_UNDECLARED_SELECTOR = YES;
				GCC_WARN_UNINITIALIZED_AUTOS = YES_AGGRESSIVE;
				GCC_WARN_UNUSED_FUNCTION = YES;
				GCC_WARN_UNUSED_VARIABLE = YES;
				LOCALIZATION_PREFERS_STRING_CATALOGS = YES;
				MTL_ENABLE_DEBUG_INFO = INCLUDE_SOURCE;
				MTL_FAST_MATH = YES;
				ONLY_ACTIVE_ARCH = YES;
				STRING_CATALOG_GENERATE_SYMBOLS = YES;
				SWIFT_ACTIVE_COMPILATION_CONDITIONS = "DEBUG $(inherited)";
				SWIFT_OPTIMIZATION_LEVEL = "-Onone";
			};
			name = Debug;
		};
		A7B9C9C12F1B905500529CE2 /* Release */ = {
			isa = XCBuildConfiguration;
			buildSettings = {
				ALWAYS_SEARCH_USER_PATHS = NO;
				ASSETCATALOG_COMPILER_GENERATE_SWIFT_ASSET_SYMBOL_EXTENSIONS = YES;
				CLANG_ANALYZER_NONNULL = YES;
				CLANG_ANALYZER_NUMBER_OBJECT_CONVERSION = YES_AGGRESSIVE;
				CLANG_CXX_LANGUAGE_STANDARD = "gnu++20";
				CLANG_ENABLE_MODULES = YES;
				CLANG_ENABLE_OBJC_ARC = YES;
				CLANG_ENABLE_OBJC_WEAK = YES;
				CLANG_WARN_BLOCK_CAPTURE_AUTORELEASING = YES;
				CLANG_WARN_BOOL_CONVERSION = YES;
				CLANG_WARN_COMMA = YES;
				CLANG_WARN_CONSTANT_CONVERSION = YES;
				CLANG_WARN_DEPRECATED_OBJC_IMPLEMENTATIONS = YES;
				CLANG_WARN_DIRECT_OBJC_ISA_USAGE = YES_ERROR;
				CLANG_WARN_DOCUMENTATION_COMMENTS = YES;
				CLANG_WARN_EMPTY_BODY = YES;
				CLANG_WARN_ENUM_CONVERSION = YES;
				CLANG_WARN_INFINITE_RECURSION = YES;
				CLANG_WARN_INT_CONVERSION = YES;
				CLANG_WARN_NON_LITERAL_NULL_CONVERSION = YES;
				CLANG_WARN_OBJC_IMPLICIT_RETAIN_SELF = YES;
				CLANG_WARN_OBJC_LITERAL_CONVERSION = YES;
				CLANG_WARN_OBJC_ROOT_CLASS = YES_ERROR;
				CLANG_WARN_QUOTED_INCLUDE_IN_FRAMEWORK_HEADER = YES;
				CLANG_WARN_RANGE_LOOP_ANALYSIS = YES;
				CLANG_WARN_STRICT_PROTOTYPES = YES;
				CLANG_WARN_SUSPICIOUS_MOVE = YES;
				CLANG_WARN_UNGUARDED_AVAILABILITY = YES_AGGRESSIVE;
				CLANG_WARN_UNREACHABLE_CODE = YES;
				CLANG_WARN__DUPLICATE_METHOD_MATCH = YES;
				COPY_PHASE_STRIP = NO;
				DEAD_CODE_STRIPPING = YES;
				DEBUG_INFORMATION_FORMAT = "dwarf-with-dsym";
				DEVELOPMENT_TEAM = C2HN547N49;
				ENABLE_NS_ASSERTIONS = NO;
				ENABLE_STRICT_OBJC_MSGSEND = YES;
				ENABLE_USER_SCRIPT_SANDBOXING = YES;
				GCC_C_LANGUAGE_STANDARD = gnu17;
				GCC_NO_COMMON_BLOCKS = YES;
				GCC_WARN_64_TO_32_BIT_CONVERSION = YES;
				GCC_WARN_ABOUT_RETURN_TYPE = YES_ERROR;
				GCC_WARN_UNDECLARED_SELECTOR = YES;
				GCC_WARN_UNINITIALIZED_AUTOS = YES_AGGRESSIVE;
				GCC_WARN_UNUSED_FUNCTION = YES;
				GCC_WARN_UNUSED_VARIABLE = YES;
				LOCALIZATION_PREFERS_STRING_CATALOGS = YES;
				MTL_ENABLE_DEBUG_INFO = NO;
				MTL_FAST_MATH = YES;
				STRING_CATALOG_GENERATE_SYMBOLS = YES;
				SWIFT_COMPILATION_MODE = wholemodule;
			};
			name = Release;
		};
		A7B9C9C32F1B905500529CE2 /* Debug */ = {
			isa = XCBuildConfiguration;
			buildSettings = {
				ASSETCATALOG_COMPILER_APPICON_NAME = AppIconDebug;
				ASSETCATALOG_COMPILER_GLOBAL_ACCENT_COLOR_NAME = AccentColor;
				CODE_SIGN_ENTITLEMENTS = Money/Money.entitlements;
				CODE_SIGN_STYLE = Automatic;
				CURRENT_PROJECT_VERSION = 10;
				DEAD_CODE_STRIPPING = YES;
				DEVELOPMENT_TEAM = C2HN547N49;
				EMIT_FRONTEND_COMMAND_LINES = YES;
				ENABLE_APP_SANDBOX = YES;
				ENABLE_HARDENED_RUNTIME = NO;
				ENABLE_OUTGOING_NETWORK_CONNECTIONS = YES;
				ENABLE_PREVIEWS = YES;
				ENABLE_USER_SCRIPT_SANDBOXING = NO;
				ENABLE_USER_SELECTED_FILES = readonly;
				GENERATE_INFOPLIST_FILE = YES;
				INFOPLIST_FILE = Money/Info.plist;
				INFOPLIST_KEY_CFBundleDisplayName = "Money Debug";
				INFOPLIST_KEY_LSApplicationCategoryType = "public.app-category.finance";
				"INFOPLIST_KEY_UIApplicationSceneManifest_Generation[sdk=iphoneos*]" = YES;
				"INFOPLIST_KEY_UIApplicationSceneManifest_Generation[sdk=iphonesimulator*]" = YES;
				"INFOPLIST_KEY_UIApplicationSupportsIndirectInputEvents[sdk=iphoneos*]" = YES;
				"INFOPLIST_KEY_UIApplicationSupportsIndirectInputEvents[sdk=iphonesimulator*]" = YES;
				"INFOPLIST_KEY_UILaunchScreen_Generation[sdk=iphoneos*]" = YES;
				"INFOPLIST_KEY_UILaunchScreen_Generation[sdk=iphonesimulator*]" = YES;
				INFOPLIST_KEY_UILaunchStoryboardName = "";
				"INFOPLIST_KEY_UIStatusBarStyle[sdk=iphoneos*]" = UIStatusBarStyleDefault;
				"INFOPLIST_KEY_UIStatusBarStyle[sdk=iphonesimulator*]" = UIStatusBarStyleDefault;
				INFOPLIST_KEY_UISupportedInterfaceOrientations = UIInterfaceOrientationPortrait;
				INFOPLIST_KEY_UISupportedInterfaceOrientations_iPad = "UIInterfaceOrientationLandscapeLeft UIInterfaceOrientationLandscapeRight UIInterfaceOrientationPortrait UIInterfaceOrientationPortraitUpsideDown";
				IPHONEOS_DEPLOYMENT_TARGET = 26.0;
				LD_RUNPATH_SEARCH_PATHS = "@executable_path/Frameworks";
				"LD_RUNPATH_SEARCH_PATHS[sdk=macosx*]" = "@executable_path/../Frameworks";
				MACOSX_DEPLOYMENT_TARGET = 26.2;
				MARKETING_VERSION = 1.0;
				OTHER_LDFLAGS = (
					"-Xlinker",
					"-interposable",
				);
				PRODUCT_BUNDLE_IDENTIFIER = com.omeriadon.Money;
				PRODUCT_NAME = "$(TARGET_NAME)";
				REGISTER_APP_GROUPS = YES;
				SDKROOT = auto;
				STRING_CATALOG_GENERATE_SYMBOLS = YES;
				SUPPORTED_PLATFORMS = "iphoneos iphonesimulator";
				SUPPORTS_MACCATALYST = NO;
				SUPPORTS_MAC_DESIGNED_FOR_IPHONE_IPAD = NO;
				SWIFT_APPROACHABLE_CONCURRENCY = YES;
				SWIFT_DEFAULT_ACTOR_ISOLATION = MainActor;
				SWIFT_EMIT_LOC_STRINGS = YES;
				SWIFT_UPCOMING_FEATURE_MEMBER_IMPORT_VISIBILITY = YES;
				SWIFT_VERSION = 5.0;
				TARGETED_DEVICE_FAMILY = "1,2";
				XROS_DEPLOYMENT_TARGET = 26.2;
			};
			name = Debug;
		};
		A7B9C9C42F1B905500529CE2 /* Release */ = {
			isa = XCBuildConfiguration;
			buildSettings = {
				ASSETCATALOG_COMPILER_APPICON_NAME = AppIcon;
				ASSETCATALOG_COMPILER_GLOBAL_ACCENT_COLOR_NAME = AccentColor;
				CODE_SIGN_ENTITLEMENTS = Money/MoneyRelease.entitlements;
				CODE_SIGN_STYLE = Automatic;
				CURRENT_PROJECT_VERSION = 10;
				DEAD_CODE_STRIPPING = YES;
				DEVELOPMENT_TEAM = P6PV2R9443;
				ENABLE_APP_SANDBOX = YES;
				ENABLE_HARDENED_RUNTIME = YES;
				ENABLE_OUTGOING_NETWORK_CONNECTIONS = YES;
				ENABLE_PREVIEWS = YES;
				ENABLE_USER_SCRIPT_SANDBOXING = NO;
				ENABLE_USER_SELECTED_FILES = readonly;
				GENERATE_INFOPLIST_FILE = YES;
				INFOPLIST_FILE = Money/Info.plist;
				INFOPLIST_KEY_CFBundleDisplayName = Money;
				INFOPLIST_KEY_LSApplicationCategoryType = "public.app-category.finance";
				"INFOPLIST_KEY_UIApplicationSceneManifest_Generation[sdk=iphoneos*]" = YES;
				"INFOPLIST_KEY_UIApplicationSceneManifest_Generation[sdk=iphonesimulator*]" = YES;
				"INFOPLIST_KEY_UIApplicationSupportsIndirectInputEvents[sdk=iphoneos*]" = YES;
				"INFOPLIST_KEY_UIApplicationSupportsIndirectInputEvents[sdk=iphonesimulator*]" = YES;
				"INFOPLIST_KEY_UILaunchScreen_Generation[sdk=iphoneos*]" = YES;
				"INFOPLIST_KEY_UILaunchScreen_Generation[sdk=iphonesimulator*]" = YES;
				INFOPLIST_KEY_UILaunchStoryboardName = "";
				"INFOPLIST_KEY_UIStatusBarStyle[sdk=iphoneos*]" = UIStatusBarStyleDefault;
				"INFOPLIST_KEY_UIStatusBarStyle[sdk=iphonesimulator*]" = UIStatusBarStyleDefault;
				INFOPLIST_KEY_UISupportedInterfaceOrientations = UIInterfaceOrientationPortrait;
				INFOPLIST_KEY_UISupportedInterfaceOrientations_iPad = "UIInterfaceOrientationLandscapeLeft UIInterfaceOrientationLandscapeRight UIInterfaceOrientationPortrait UIInterfaceOrientationPortraitUpsideDown";
				IPHONEOS_DEPLOYMENT_TARGET = 26.0;
				LD_RUNPATH_SEARCH_PATHS = "@executable_path/Frameworks";
				"LD_RUNPATH_SEARCH_PATHS[sdk=macosx*]" = "@executable_path/../Frameworks";
				MACOSX_DEPLOYMENT_TARGET = 26.2;
				MARKETING_VERSION = 1.0;
				PRODUCT_BUNDLE_IDENTIFIER = "com.omeriadon-hackclub.Money";
				PRODUCT_NAME = "$(TARGET_NAME)";
				REGISTER_APP_GROUPS = YES;
				SDKROOT = auto;
				STRING_CATALOG_GENERATE_SYMBOLS = YES;
				SUPPORTED_PLATFORMS = "iphoneos iphonesimulator";
				SUPPORTS_MACCATALYST = NO;
				SUPPORTS_MAC_DESIGNED_FOR_IPHONE_IPAD = NO;
				SWIFT_APPROACHABLE_CONCURRENCY = YES;
				SWIFT_DEFAULT_ACTOR_ISOLATION = MainActor;
				SWIFT_EMIT_LOC_STRINGS = YES;
				SWIFT_UPCOMING_FEATURE_MEMBER_IMPORT_VISIBILITY = YES;
				SWIFT_VERSION = 5.0;
				TARGETED_DEVICE_FAMILY = "1,2";
				XROS_DEPLOYMENT_TARGET = 26.2;
			};
			name = Release;
		};
/* End XCBuildConfiguration section */

/* Begin XCConfigurationList section */
		A70133D52F3E01A70027A60C /* Build configuration list for PBXNativeTarget "Money_Widgets" */ = {
			isa = XCConfigurationList;
			buildConfigurations = (
				A70133D62F3E01A70027A60C /* Debug */,
				A70133D72F3E01A70027A60C /* Release */,
			);
			defaultConfigurationIsVisible = 0;
			defaultConfigurationName = Release;
		};
		A737693E2F3E0A3D003FC757 /* Build configuration list for PBXNativeTarget "MoneyWatch_Widgets" */ = {
			isa = XCConfigurationList;
			buildConfigurations = (
				A737693F2F3E0A3D003FC757 /* Debug */,
				A73769402F3E0A3D003FC757 /* Release */,
			);
			defaultConfigurationIsVisible = 0;
			defaultConfigurationName = Release;
		};
		A75824B62F20B4AE00ADCD20 /* Build configuration list for PBXNativeTarget "MoneyWatch" */ = {
			isa = XCConfigurationList;
			buildConfigurations = (
				A75824B72F20B4AE00ADCD20 /* Debug */,
				A75824B82F20B4AE00ADCD20 /* Release */,
			);
			defaultConfigurationIsVisible = 0;
			defaultConfigurationName = Release;
		};
		A7B9C9B22F1B905400529CE2 /* Build configuration list for PBXProject "Money" */ = {
			isa = XCConfigurationList;
			buildConfigurations = (
				A7B9C9C02F1B905500529CE2 /* Debug */,
				A7B9C9C12F1B905500529CE2 /* Release */,
			);
			defaultConfigurationIsVisible = 0;
			defaultConfigurationName = Release;
		};
		A7B9C9C22F1B905500529CE2 /* Build configuration list for PBXNativeTarget "Money" */ = {
			isa = XCConfigurationList;
			buildConfigurations = (
				A7B9C9C32F1B905500529CE2 /* Debug */,
				A7B9C9C42F1B905500529CE2 /* Release */,
			);
			defaultConfigurationIsVisible = 0;
			defaultConfigurationName = Release;
		};
/* End XCConfigurationList section */

/* Begin XCRemoteSwiftPackageReference section */
		A719E4CA2F52CC8300A49E9D /* XCRemoteSwiftPackageReference "IrregularGradient" */ = {
			isa = XCRemoteSwiftPackageReference;
			repositoryURL = "https://github.com/joogps/IrregularGradient";
			requirement = {
				kind = upToNextMajorVersion;
				minimumVersion = 2.1.0;
			};
		};
		A756305D2F20FE0000AA3CA5 /* XCRemoteSwiftPackageReference "Defaults" */ = {
			isa = XCRemoteSwiftPackageReference;
			repositoryURL = "https://github.com/sindresorhus/Defaults";
			requirement = {
				kind = upToNextMajorVersion;
				minimumVersion = 8.2.0;
			};
		};
		A78B90952F5326950074A35E /* XCRemoteSwiftPackageReference "Inject" */ = {
			isa = XCRemoteSwiftPackageReference;
			repositoryURL = "https://github.com/krzysztofzablocki/Inject.git";
			requirement = {
				kind = upToNextMajorVersion;
				minimumVersion = 1.5.2;
			};
		};
		A78C01722F533D5F00B05EA4 /* XCRemoteSwiftPackageReference "InjectionNext" */ = {
			isa = XCRemoteSwiftPackageReference;
			repositoryURL = "https://github.com/johnno1962/InjectionNext";
			requirement = {
				kind = upToNextMajorVersion;
				minimumVersion = 1.5.2;
			};
		};
		A7B54CBF2F3374B400910001 /* XCRemoteSwiftPackageReference "ColorfulX" */ = {
			isa = XCRemoteSwiftPackageReference;
			repositoryURL = "https://github.com/Lakr233/ColorfulX";
			requirement = {
				kind = upToNextMajorVersion;
				minimumVersion = 6.0.2;
			};
		};
		A7B54CC42F337A2E00910001 /* XCRemoteSwiftPackageReference "Glur" */ = {
			isa = XCRemoteSwiftPackageReference;
			repositoryURL = "https://github.com/joogps/Glur";
			requirement = {
				kind = upToNextMajorVersion;
				minimumVersion = 1.1.0;
			};
		};
/* End XCRemoteSwiftPackageReference section */

/* Begin XCSwiftPackageProductDependency section */
		A719E4CB2F52CC8300A49E9D /* IrregularGradient */ = {
			isa = XCSwiftPackageProductDependency;
			package = A719E4CA2F52CC8300A49E9D /* XCRemoteSwiftPackageReference "IrregularGradient" */;
			productName = IrregularGradient;
		};
		A73769272F3E05D0003FC757 /* Defaults */ = {
			isa = XCSwiftPackageProductDependency;
			package = A756305D2F20FE0000AA3CA5 /* XCRemoteSwiftPackageReference "Defaults" */;
			productName = Defaults;
		};
		A73769492F3E0B53003FC757 /* Defaults */ = {
			isa = XCSwiftPackageProductDependency;
			package = A756305D2F20FE0000AA3CA5 /* XCRemoteSwiftPackageReference "Defaults" */;
			productName = Defaults;
		};
		A756305E2F20FE0000AA3CA5 /* Defaults */ = {
			isa = XCSwiftPackageProductDependency;
			package = A756305D2F20FE0000AA3CA5 /* XCRemoteSwiftPackageReference "Defaults" */;
			productName = Defaults;
		};
		A75630612F20FEA900AA3CA5 /* Defaults */ = {
			isa = XCSwiftPackageProductDependency;
			package = A756305D2F20FE0000AA3CA5 /* XCRemoteSwiftPackageReference "Defaults" */;
			productName = Defaults;
		};
		A78B90962F5326950074A35E /* Inject */ = {
			isa = XCSwiftPackageProductDependency;
			package = A78B90952F5326950074A35E /* XCRemoteSwiftPackageReference "Inject" */;
			productName = Inject;
		};
		A78C01732F533D5F00B05EA4 /* InjectionNext */ = {
			isa = XCSwiftPackageProductDependency;
			package = A78C01722F533D5F00B05EA4 /* XCRemoteSwiftPackageReference "InjectionNext" */;
			productName = InjectionNext;
		};
		A7B54CC02F3374B400910001 /* ColorfulX */ = {
			isa = XCSwiftPackageProductDependency;
			package = A7B54CBF2F3374B400910001 /* XCRemoteSwiftPackageReference "ColorfulX" */;
			productName = ColorfulX;
		};
		A7B54CC52F337A2E00910001 /* Glur */ = {
			isa = XCSwiftPackageProductDependency;
			package = A7B54CC42F337A2E00910001 /* XCRemoteSwiftPackageReference "Glur" */;
			productName = Glur;
		};
/* End XCSwiftPackageProductDependency section */
	};
	rootObject = A7B9C9AF2F1B905400529CE2 /* Project object */;
}
